// !$*UTF8*$!
{
	archiveVersion = 1;
	classes = {
	};
	objectVersion = 50;
	objects = {

/* Begin PBXBuildFile section */
		F1104D3E24079D6B00B38D11 /* PureLayout.framework in Frameworks */ = {isa = PBXBuildFile; fileRef = F1104D3B24079D6B00B38D11 /* PureLayout.framework */; };
		F1104D3F24079D6B00B38D11 /* PureLayout.framework in Embed Frameworks */ = {isa = PBXBuildFile; fileRef = F1104D3B24079D6B00B38D11 /* PureLayout.framework */; settings = {ATTRIBUTES = (CodeSignOnCopy, RemoveHeadersOnCopy, ); }; };
		F1104D4024079D6B00B38D11 /* Result.framework in Frameworks */ = {isa = PBXBuildFile; fileRef = F1104D3C24079D6B00B38D11 /* Result.framework */; };
		F1104D4124079D6B00B38D11 /* Result.framework in Embed Frameworks */ = {isa = PBXBuildFile; fileRef = F1104D3C24079D6B00B38D11 /* Result.framework */; settings = {ATTRIBUTES = (CodeSignOnCopy, RemoveHeadersOnCopy, ); }; };
		F1104D4224079D6B00B38D11 /* BrightFutures.framework in Frameworks */ = {isa = PBXBuildFile; fileRef = F1104D3D24079D6B00B38D11 /* BrightFutures.framework */; };
		F1104D4324079D6B00B38D11 /* BrightFutures.framework in Embed Frameworks */ = {isa = PBXBuildFile; fileRef = F1104D3D24079D6B00B38D11 /* BrightFutures.framework */; settings = {ATTRIBUTES = (CodeSignOnCopy, RemoveHeadersOnCopy, ); }; };
		F1104D492407A1BE00B38D11 /* Nimble.framework in Frameworks */ = {isa = PBXBuildFile; fileRef = F1104D462407A1BE00B38D11 /* Nimble.framework */; };
		F1104D4A2407A1BE00B38D11 /* Quick.framework in Frameworks */ = {isa = PBXBuildFile; fileRef = F1104D472407A1BE00B38D11 /* Quick.framework */; };
		F1104D4D2407A20300B38D11 /* Nimble.framework in Carthage: Copy Files */ = {isa = PBXBuildFile; fileRef = F1104D462407A1BE00B38D11 /* Nimble.framework */; settings = {ATTRIBUTES = (CodeSignOnCopy, RemoveHeadersOnCopy, ); }; };
		F1104D4E2407A21500B38D11 /* Quick.framework in Carthage: Copy Files */ = {isa = PBXBuildFile; fileRef = F1104D472407A1BE00B38D11 /* Quick.framework */; settings = {ATTRIBUTES = (CodeSignOnCopy, RemoveHeadersOnCopy, ); }; };
		F1291753240DE953002B0352 /* EventTableViewCell.swift in Sources */ = {isa = PBXBuildFile; fileRef = F1291752240DE953002B0352 /* EventTableViewCell.swift */; };
		F14B0B8A240F9761004E277A /* NetworkEventRepositoryTest.swift in Sources */ = {isa = PBXBuildFile; fileRef = F14B0B89240F9761004E277A /* NetworkEventRepositoryTest.swift */; };
		F14B0B8C240F9B9C004E277A /* NetworkEventRepository.swift in Sources */ = {isa = PBXBuildFile; fileRef = F14B0B8B240F9B9C004E277A /* NetworkEventRepository.swift */; };
		F14B0B90240F9C4D004E277A /* SpyHttp.swift in Sources */ = {isa = PBXBuildFile; fileRef = F14B0B8F240F9C4D004E277A /* SpyHttp.swift */; };
		F14B0B92240F9DF4004E277A /* Http.swift in Sources */ = {isa = PBXBuildFile; fileRef = F14B0B91240F9DF4004E277A /* Http.swift */; };
		F14F4DB82419E3FC0045426E /* EventListHeaderView.swift in Sources */ = {isa = PBXBuildFile; fileRef = F14F4DB72419E3FC0045426E /* EventListHeaderView.swift */; };
		F14F4DBE241A278D0045426E /* Localizable.strings in Resources */ = {isa = PBXBuildFile; fileRef = F14F4DBC241A278D0045426E /* Localizable.strings */; };
		F14F4DC0241A2B620045426E /* EventFixture.swift in Sources */ = {isa = PBXBuildFile; fileRef = F14F4DBF241A2B620045426E /* EventFixture.swift */; };
		F14F4E042420BD810045426E /* UpcomingViewControllerTest.swift in Sources */ = {isa = PBXBuildFile; fileRef = F14F4E032420BD810045426E /* UpcomingViewControllerTest.swift */; };
		F14F4E062420BDB60045426E /* PastViewControllerTest.swift in Sources */ = {isa = PBXBuildFile; fileRef = F14F4E052420BDB60045426E /* PastViewControllerTest.swift */; };
		F14F4E082420C04B0045426E /* UpcomingEventsViewController.swift in Sources */ = {isa = PBXBuildFile; fileRef = F14F4E072420C04B0045426E /* UpcomingEventsViewController.swift */; };
		F14F4E0A2420C09F0045426E /* PastEventsViewController.swift in Sources */ = {isa = PBXBuildFile; fileRef = F14F4E092420C09F0045426E /* PastEventsViewController.swift */; };
		F14F4E0C2421BB6F0045426E /* SpyRouter.swift in Sources */ = {isa = PBXBuildFile; fileRef = F14F4E0B2421BB6F0045426E /* SpyRouter.swift */; };
		F14F4E0E2421BBA40045426E /* Router.swift in Sources */ = {isa = PBXBuildFile; fileRef = F14F4E0D2421BBA40045426E /* Router.swift */; };
		F16B44B9241088CE001E37C7 /* NetworkHttp.swift in Sources */ = {isa = PBXBuildFile; fileRef = F16B44B8241088CE001E37C7 /* NetworkHttp.swift */; };
		F16B44BB24108ECD001E37C7 /* NetworkHttpSpec.swift in Sources */ = {isa = PBXBuildFile; fileRef = F16B44BA24108ECD001E37C7 /* NetworkHttpSpec.swift */; };
		F16B44BD24108FE1001E37C7 /* SpyNetworkSession.swift in Sources */ = {isa = PBXBuildFile; fileRef = F16B44BC24108FE1001E37C7 /* SpyNetworkSession.swift */; };
		F16B44BF24109011001E37C7 /* SpySessionDataTask.swift in Sources */ = {isa = PBXBuildFile; fileRef = F16B44BE24109011001E37C7 /* SpySessionDataTask.swift */; };
		F16B44C1241090C7001E37C7 /* FakeNetworkSession.swift in Sources */ = {isa = PBXBuildFile; fileRef = F16B44C0241090C7001E37C7 /* FakeNetworkSession.swift */; };
		F16B44C4241097EA001E37C7 /* AsyncExpectation.swift in Sources */ = {isa = PBXBuildFile; fileRef = F16B44C3241097EA001E37C7 /* AsyncExpectation.swift */; };
		F16B44C72410C5AC001E37C7 /* Configuration.swift in Sources */ = {isa = PBXBuildFile; fileRef = F16B44C62410C5AC001E37C7 /* Configuration.swift */; };
		F16B44C92410C5D9001E37C7 /* Environment.swift in Sources */ = {isa = PBXBuildFile; fileRef = F16B44C82410C5D9001E37C7 /* Environment.swift */; };
		F174F50A2408A4210070C353 /* EventListViewController.swift in Sources */ = {isa = PBXBuildFile; fileRef = F174F5092408A4210070C353 /* EventListViewController.swift */; };
		F174F50C2408A4330070C353 /* Event.swift in Sources */ = {isa = PBXBuildFile; fileRef = F174F50B2408A4330070C353 /* Event.swift */; };
		F174F50E2408A5E10070C353 /* EventListViewControllerTest.swift in Sources */ = {isa = PBXBuildFile; fileRef = F174F50D2408A5E10070C353 /* EventListViewControllerTest.swift */; };
		F174F5102408A84D0070C353 /* EventViewController.swift in Sources */ = {isa = PBXBuildFile; fileRef = F174F50F2408A84D0070C353 /* EventViewController.swift */; };
		F174F5122408A8650070C353 /* EventViewControllerTest.swift in Sources */ = {isa = PBXBuildFile; fileRef = F174F5112408A8650070C353 /* EventViewControllerTest.swift */; };
		F174F5162408B1440070C353 /* Succinct.framework in Frameworks */ = {isa = PBXBuildFile; fileRef = F1104D482407A1BE00B38D11 /* Succinct.framework */; };
		F174F5172408B1490070C353 /* Succinct.framework in Carthage: Copy Files */ = {isa = PBXBuildFile; fileRef = F1104D482407A1BE00B38D11 /* Succinct.framework */; settings = {ATTRIBUTES = (CodeSignOnCopy, RemoveHeadersOnCopy, ); }; };
		F1BC49D2240F4C9400D26637 /* SpyStubEventRepo.swift in Sources */ = {isa = PBXBuildFile; fileRef = F1BC49D1240F4C9400D26637 /* SpyStubEventRepo.swift */; };
		F1BC49D4240F4E4300D26637 /* EventRepository.swift in Sources */ = {isa = PBXBuildFile; fileRef = F1BC49D3240F4E4300D26637 /* EventRepository.swift */; };
		F1BF0E1C2404AFFF00ED1639 /* Assets.xcassets in Resources */ = {isa = PBXBuildFile; fileRef = F1BF0E1B2404AFFF00ED1639 /* Assets.xcassets */; };
		F1BF0E1F2404AFFF00ED1639 /* LaunchScreen.storyboard in Resources */ = {isa = PBXBuildFile; fileRef = F1BF0E1D2404AFFF00ED1639 /* LaunchScreen.storyboard */; };
		F1BF0E4B2404B58E00ED1639 /* AppDelegate.swift in Sources */ = {isa = PBXBuildFile; fileRef = F1BF0E482404B58E00ED1639 /* AppDelegate.swift */; };
		F1BF0E4D2404B58E00ED1639 /* SceneDelegate.swift in Sources */ = {isa = PBXBuildFile; fileRef = F1BF0E4A2404B58E00ED1639 /* SceneDelegate.swift */; };
		F1BF0E502404BE8800ED1639 /* main.swift in Sources */ = {isa = PBXBuildFile; fileRef = F1BF0E4F2404BE8800ED1639 /* main.swift */; };
/* End PBXBuildFile section */

/* Begin PBXContainerItemProxy section */
		F1BF0E262404AFFF00ED1639 /* PBXContainerItemProxy */ = {
			isa = PBXContainerItemProxy;
			containerPortal = F1BF0E072404AFFD00ED1639 /* Project object */;
			proxyType = 1;
			remoteGlobalIDString = F1BF0E0E2404AFFD00ED1639;
			remoteInfo = WWCode_Tokyo_iOS;
		};
/* End PBXContainerItemProxy section */

/* Begin PBXCopyFilesBuildPhase section */
		F1104D4424079D6B00B38D11 /* Embed Frameworks */ = {
			isa = PBXCopyFilesBuildPhase;
			buildActionMask = 2147483647;
			dstPath = "";
			dstSubfolderSpec = 10;
			files = (
				F1104D4324079D6B00B38D11 /* BrightFutures.framework in Embed Frameworks */,
				F1104D3F24079D6B00B38D11 /* PureLayout.framework in Embed Frameworks */,
				F1104D4124079D6B00B38D11 /* Result.framework in Embed Frameworks */,
			);
			name = "Embed Frameworks";
			runOnlyForDeploymentPostprocessing = 0;
		};
		F1104D4C2407A1D100B38D11 /* Carthage: Copy Files */ = {
			isa = PBXCopyFilesBuildPhase;
			buildActionMask = 2147483647;
			dstPath = "";
			dstSubfolderSpec = 10;
			files = (
				F174F5172408B1490070C353 /* Succinct.framework in Carthage: Copy Files */,
				F1104D4E2407A21500B38D11 /* Quick.framework in Carthage: Copy Files */,
				F1104D4D2407A20300B38D11 /* Nimble.framework in Carthage: Copy Files */,
			);
			name = "Carthage: Copy Files";
			runOnlyForDeploymentPostprocessing = 0;
		};
/* End PBXCopyFilesBuildPhase section */

/* Begin PBXFileReference section */
		F1104D342407931400B38D11 /* Makefile */ = {isa = PBXFileReference; fileEncoding = 4; lastKnownFileType = sourcecode.make; path = Makefile; sourceTree = "<group>"; };
		F1104D37240795D500B38D11 /* Cartfile */ = {isa = PBXFileReference; lastKnownFileType = text; path = Cartfile; sourceTree = "<group>"; };
		F1104D38240795D500B38D11 /* Cartfile.private */ = {isa = PBXFileReference; lastKnownFileType = text; path = Cartfile.private; sourceTree = "<group>"; };
		F1104D392407995000B38D11 /* Cartfile.resolved */ = {isa = PBXFileReference; lastKnownFileType = text; path = Cartfile.resolved; sourceTree = "<group>"; };
		F1104D3B24079D6B00B38D11 /* PureLayout.framework */ = {isa = PBXFileReference; lastKnownFileType = wrapper.framework; name = PureLayout.framework; path = Carthage/Build/iOS/PureLayout.framework; sourceTree = "<group>"; };
		F1104D3C24079D6B00B38D11 /* Result.framework */ = {isa = PBXFileReference; lastKnownFileType = wrapper.framework; name = Result.framework; path = Carthage/Build/iOS/Result.framework; sourceTree = "<group>"; };
		F1104D3D24079D6B00B38D11 /* BrightFutures.framework */ = {isa = PBXFileReference; lastKnownFileType = wrapper.framework; name = BrightFutures.framework; path = Carthage/Build/iOS/BrightFutures.framework; sourceTree = "<group>"; };
		F1104D462407A1BE00B38D11 /* Nimble.framework */ = {isa = PBXFileReference; lastKnownFileType = wrapper.framework; name = Nimble.framework; path = Carthage/Build/iOS/Nimble.framework; sourceTree = "<group>"; };
		F1104D472407A1BE00B38D11 /* Quick.framework */ = {isa = PBXFileReference; lastKnownFileType = wrapper.framework; name = Quick.framework; path = Carthage/Build/iOS/Quick.framework; sourceTree = "<group>"; };
		F1104D482407A1BE00B38D11 /* Succinct.framework */ = {isa = PBXFileReference; lastKnownFileType = wrapper.framework; name = Succinct.framework; path = Carthage/Build/iOS/Succinct.framework; sourceTree = "<group>"; };
		F1291752240DE953002B0352 /* EventTableViewCell.swift */ = {isa = PBXFileReference; lastKnownFileType = sourcecode.swift; path = EventTableViewCell.swift; sourceTree = "<group>"; };
		F14B0B89240F9761004E277A /* NetworkEventRepositoryTest.swift */ = {isa = PBXFileReference; lastKnownFileType = sourcecode.swift; path = NetworkEventRepositoryTest.swift; sourceTree = "<group>"; };
		F14B0B8B240F9B9C004E277A /* NetworkEventRepository.swift */ = {isa = PBXFileReference; lastKnownFileType = sourcecode.swift; path = NetworkEventRepository.swift; sourceTree = "<group>"; };
		F14B0B8F240F9C4D004E277A /* SpyHttp.swift */ = {isa = PBXFileReference; lastKnownFileType = sourcecode.swift; path = SpyHttp.swift; sourceTree = "<group>"; };
		F14B0B91240F9DF4004E277A /* Http.swift */ = {isa = PBXFileReference; lastKnownFileType = sourcecode.swift; path = Http.swift; sourceTree = "<group>"; };
		F14F4DB72419E3FC0045426E /* EventListHeaderView.swift */ = {isa = PBXFileReference; lastKnownFileType = sourcecode.swift; path = EventListHeaderView.swift; sourceTree = "<group>"; };
		F14F4DBD241A278D0045426E /* en */ = {isa = PBXFileReference; lastKnownFileType = text.plist.strings; name = en; path = Localizable.strings; sourceTree = "<group>"; };
		F14F4DBF241A2B620045426E /* EventFixture.swift */ = {isa = PBXFileReference; lastKnownFileType = sourcecode.swift; path = EventFixture.swift; sourceTree = "<group>"; };
		F14F4E032420BD810045426E /* UpcomingViewControllerTest.swift */ = {isa = PBXFileReference; lastKnownFileType = sourcecode.swift; path = UpcomingViewControllerTest.swift; sourceTree = "<group>"; };
		F14F4E052420BDB60045426E /* PastViewControllerTest.swift */ = {isa = PBXFileReference; lastKnownFileType = sourcecode.swift; path = PastViewControllerTest.swift; sourceTree = "<group>"; };
		F14F4E072420C04B0045426E /* UpcomingEventsViewController.swift */ = {isa = PBXFileReference; lastKnownFileType = sourcecode.swift; path = UpcomingEventsViewController.swift; sourceTree = "<group>"; };
		F14F4E092420C09F0045426E /* PastEventsViewController.swift */ = {isa = PBXFileReference; lastKnownFileType = sourcecode.swift; path = PastEventsViewController.swift; sourceTree = "<group>"; };
		F14F4E0B2421BB6F0045426E /* SpyRouter.swift */ = {isa = PBXFileReference; lastKnownFileType = sourcecode.swift; path = SpyRouter.swift; sourceTree = "<group>"; };
		F14F4E0D2421BBA40045426E /* Router.swift */ = {isa = PBXFileReference; lastKnownFileType = sourcecode.swift; path = Router.swift; sourceTree = "<group>"; };
		F16B44B8241088CE001E37C7 /* NetworkHttp.swift */ = {isa = PBXFileReference; lastKnownFileType = sourcecode.swift; path = NetworkHttp.swift; sourceTree = "<group>"; };
		F16B44BA24108ECD001E37C7 /* NetworkHttpSpec.swift */ = {isa = PBXFileReference; lastKnownFileType = sourcecode.swift; path = NetworkHttpSpec.swift; sourceTree = "<group>"; };
		F16B44BC24108FE1001E37C7 /* SpyNetworkSession.swift */ = {isa = PBXFileReference; lastKnownFileType = sourcecode.swift; path = SpyNetworkSession.swift; sourceTree = "<group>"; };
		F16B44BE24109011001E37C7 /* SpySessionDataTask.swift */ = {isa = PBXFileReference; lastKnownFileType = sourcecode.swift; path = SpySessionDataTask.swift; sourceTree = "<group>"; };
		F16B44C0241090C7001E37C7 /* FakeNetworkSession.swift */ = {isa = PBXFileReference; lastKnownFileType = sourcecode.swift; path = FakeNetworkSession.swift; sourceTree = "<group>"; };
		F16B44C3241097EA001E37C7 /* AsyncExpectation.swift */ = {isa = PBXFileReference; lastKnownFileType = sourcecode.swift; path = AsyncExpectation.swift; sourceTree = "<group>"; };
		F16B44C62410C5AC001E37C7 /* Configuration.swift */ = {isa = PBXFileReference; lastKnownFileType = sourcecode.swift; path = Configuration.swift; sourceTree = "<group>"; };
		F16B44C82410C5D9001E37C7 /* Environment.swift */ = {isa = PBXFileReference; lastKnownFileType = sourcecode.swift; path = Environment.swift; sourceTree = "<group>"; };
		F174F5092408A4210070C353 /* EventListViewController.swift */ = {isa = PBXFileReference; lastKnownFileType = sourcecode.swift; path = EventListViewController.swift; sourceTree = "<group>"; };
		F174F50B2408A4330070C353 /* Event.swift */ = {isa = PBXFileReference; lastKnownFileType = sourcecode.swift; path = Event.swift; sourceTree = "<group>"; };
		F174F50D2408A5E10070C353 /* EventListViewControllerTest.swift */ = {isa = PBXFileReference; lastKnownFileType = sourcecode.swift; path = EventListViewControllerTest.swift; sourceTree = "<group>"; };
		F174F50F2408A84D0070C353 /* EventViewController.swift */ = {isa = PBXFileReference; lastKnownFileType = sourcecode.swift; path = EventViewController.swift; sourceTree = "<group>"; };
		F174F5112408A8650070C353 /* EventViewControllerTest.swift */ = {isa = PBXFileReference; lastKnownFileType = sourcecode.swift; path = EventViewControllerTest.swift; sourceTree = "<group>"; };
		F1BC49D1240F4C9400D26637 /* SpyStubEventRepo.swift */ = {isa = PBXFileReference; lastKnownFileType = sourcecode.swift; path = SpyStubEventRepo.swift; sourceTree = "<group>"; };
		F1BC49D3240F4E4300D26637 /* EventRepository.swift */ = {isa = PBXFileReference; lastKnownFileType = sourcecode.swift; path = EventRepository.swift; sourceTree = "<group>"; };
		F1BF0E0F2404AFFD00ED1639 /* WWCode_Tokyo_iOS.app */ = {isa = PBXFileReference; explicitFileType = wrapper.application; includeInIndex = 0; path = WWCode_Tokyo_iOS.app; sourceTree = BUILT_PRODUCTS_DIR; };
		F1BF0E1B2404AFFF00ED1639 /* Assets.xcassets */ = {isa = PBXFileReference; lastKnownFileType = folder.assetcatalog; path = Assets.xcassets; sourceTree = "<group>"; };
		F1BF0E1E2404AFFF00ED1639 /* Base */ = {isa = PBXFileReference; lastKnownFileType = file.storyboard; name = Base; path = Base.lproj/LaunchScreen.storyboard; sourceTree = "<group>"; };
		F1BF0E252404AFFF00ED1639 /* WWCode_Tokyo_iOSTests.xctest */ = {isa = PBXFileReference; explicitFileType = wrapper.cfbundle; includeInIndex = 0; path = WWCode_Tokyo_iOSTests.xctest; sourceTree = BUILT_PRODUCTS_DIR; };
		F1BF0E482404B58E00ED1639 /* AppDelegate.swift */ = {isa = PBXFileReference; fileEncoding = 4; lastKnownFileType = sourcecode.swift; path = AppDelegate.swift; sourceTree = "<group>"; };
		F1BF0E492404B58E00ED1639 /* Info.plist */ = {isa = PBXFileReference; fileEncoding = 4; lastKnownFileType = text.plist.xml; path = Info.plist; sourceTree = "<group>"; };
		F1BF0E4A2404B58E00ED1639 /* SceneDelegate.swift */ = {isa = PBXFileReference; fileEncoding = 4; lastKnownFileType = sourcecode.swift; path = SceneDelegate.swift; sourceTree = "<group>"; };
		F1BF0E4F2404BE8800ED1639 /* main.swift */ = {isa = PBXFileReference; lastKnownFileType = sourcecode.swift; path = main.swift; sourceTree = "<group>"; };
		F1E9C5302404C5260012C1A4 /* Info.plist */ = {isa = PBXFileReference; fileEncoding = 4; lastKnownFileType = text.plist.xml; path = Info.plist; sourceTree = "<group>"; };
/* End PBXFileReference section */

/* Begin PBXFrameworksBuildPhase section */
		F1BF0E0C2404AFFD00ED1639 /* Frameworks */ = {
			isa = PBXFrameworksBuildPhase;
			buildActionMask = 2147483647;
			files = (
				F1104D4224079D6B00B38D11 /* BrightFutures.framework in Frameworks */,
				F1104D3E24079D6B00B38D11 /* PureLayout.framework in Frameworks */,
				F1104D4024079D6B00B38D11 /* Result.framework in Frameworks */,
			);
			runOnlyForDeploymentPostprocessing = 0;
		};
		F1BF0E222404AFFF00ED1639 /* Frameworks */ = {
			isa = PBXFrameworksBuildPhase;
			buildActionMask = 2147483647;
			files = (
				F174F5162408B1440070C353 /* Succinct.framework in Frameworks */,
				F1104D492407A1BE00B38D11 /* Nimble.framework in Frameworks */,
				F1104D4A2407A1BE00B38D11 /* Quick.framework in Frameworks */,
			);
			runOnlyForDeploymentPostprocessing = 0;
		};
/* End PBXFrameworksBuildPhase section */

/* Begin PBXGroup section */
		F1104D3A24079D6B00B38D11 /* Frameworks */ = {
			isa = PBXGroup;
			children = (
				F1104D462407A1BE00B38D11 /* Nimble.framework */,
				F1104D472407A1BE00B38D11 /* Quick.framework */,
				F1104D482407A1BE00B38D11 /* Succinct.framework */,
				F1104D3D24079D6B00B38D11 /* BrightFutures.framework */,
				F1104D3B24079D6B00B38D11 /* PureLayout.framework */,
				F1104D3C24079D6B00B38D11 /* Result.framework */,
			);
			name = Frameworks;
			sourceTree = "<group>";
		};
		F1291754240F402D002B0352 /* EventList */ = {
			isa = PBXGroup;
			children = (
				F174F5092408A4210070C353 /* EventListViewController.swift */,
				F1291752240DE953002B0352 /* EventTableViewCell.swift */,
				F14F4DB72419E3FC0045426E /* EventListHeaderView.swift */,
				F14F4E072420C04B0045426E /* UpcomingEventsViewController.swift */,
				F14F4E092420C09F0045426E /* PastEventsViewController.swift */,
			);
			path = EventList;
			sourceTree = "<group>";
		};
		F1291755240F403F002B0352 /* EventDetail */ = {
			isa = PBXGroup;
			children = (
				F174F50F2408A84D0070C353 /* EventViewController.swift */,
			);
			path = EventDetail;
			sourceTree = "<group>";
		};
		F1291756240F406F002B0352 /* Events */ = {
			isa = PBXGroup;
			children = (
				F174F50B2408A4330070C353 /* Event.swift */,
				F1BC49D3240F4E4300D26637 /* EventRepository.swift */,
				F14B0B8B240F9B9C004E277A /* NetworkEventRepository.swift */,
				F14F4E0D2421BBA40045426E /* Router.swift */,
			);
			path = Events;
			sourceTree = "<group>";
		};
		F1291757240F4571002B0352 /* Components */ = {
			isa = PBXGroup;
			children = (
				F16B44C2241097AA001E37C7 /* Asynchronous Testing */,
				F14B0B8D240F9C27004E277A /* Http */,
				F129175B240F45C7002B0352 /* Events */,
			);
			path = Components;
			sourceTree = "<group>";
		};
		F1291758240F4584002B0352 /* UI */ = {
			isa = PBXGroup;
			children = (
				F1291759240F4593002B0352 /* EventDetail */,
				F129175A240F459C002B0352 /* EventList */,
			);
			path = UI;
			sourceTree = "<group>";
		};
		F1291759240F4593002B0352 /* EventDetail */ = {
			isa = PBXGroup;
			children = (
				F174F5112408A8650070C353 /* EventViewControllerTest.swift */,
			);
			path = EventDetail;
			sourceTree = "<group>";
		};
		F129175A240F459C002B0352 /* EventList */ = {
			isa = PBXGroup;
			children = (
				F174F50D2408A5E10070C353 /* EventListViewControllerTest.swift */,
				F14F4E032420BD810045426E /* UpcomingViewControllerTest.swift */,
				F14F4E052420BDB60045426E /* PastViewControllerTest.swift */,
			);
			path = EventList;
			sourceTree = "<group>";
		};
		F129175B240F45C7002B0352 /* Events */ = {
			isa = PBXGroup;
			children = (
				F1BC49D1240F4C9400D26637 /* SpyStubEventRepo.swift */,
				F14B0B89240F9761004E277A /* NetworkEventRepositoryTest.swift */,
				F14F4DBF241A2B620045426E /* EventFixture.swift */,
				F14F4E0B2421BB6F0045426E /* SpyRouter.swift */,
			);
			path = Events;
			sourceTree = "<group>";
		};
		F14B0B8D240F9C27004E277A /* Http */ = {
			isa = PBXGroup;
			children = (
				F16B44BA24108ECD001E37C7 /* NetworkHttpSpec.swift */,
				F14B0B8F240F9C4D004E277A /* SpyHttp.swift */,
				F16B44BC24108FE1001E37C7 /* SpyNetworkSession.swift */,
				F16B44BE24109011001E37C7 /* SpySessionDataTask.swift */,
				F16B44C0241090C7001E37C7 /* FakeNetworkSession.swift */,
			);
			path = Http;
			sourceTree = "<group>";
		};
		F14B0B8E240F9C3B004E277A /* Http */ = {
			isa = PBXGroup;
			children = (
				F14B0B91240F9DF4004E277A /* Http.swift */,
				F16B44B8241088CE001E37C7 /* NetworkHttp.swift */,
			);
			path = Http;
			sourceTree = "<group>";
		};
		F14F4DBB241A27670045426E /* en.lproj */ = {
			isa = PBXGroup;
			children = (
				F14F4DBC241A278D0045426E /* Localizable.strings */,
			);
			path = en.lproj;
			sourceTree = "<group>";
		};
		F16B44C2241097AA001E37C7 /* Asynchronous Testing */ = {
			isa = PBXGroup;
			children = (
				F16B44C3241097EA001E37C7 /* AsyncExpectation.swift */,
			);
			path = "Asynchronous Testing";
			sourceTree = "<group>";
		};
		F16B44C52410C592001E37C7 /* Environment */ = {
			isa = PBXGroup;
			children = (
				F16B44C62410C5AC001E37C7 /* Configuration.swift */,
				F16B44C82410C5D9001E37C7 /* Environment.swift */,
			);
			path = Environment;
			sourceTree = "<group>";
		};
		F1BF0E062404AFFD00ED1639 = {
			isa = PBXGroup;
			children = (
				F1104D392407995000B38D11 /* Cartfile.resolved */,
				F1104D37240795D500B38D11 /* Cartfile */,
				F1104D38240795D500B38D11 /* Cartfile.private */,
				F1104D342407931400B38D11 /* Makefile */,
				F1BF0E112404AFFD00ED1639 /* WWCode_Tokyo_iOS */,
				F1BF0E282404AFFF00ED1639 /* WWCode_Tokyo_iOSTests */,
				F1BF0E102404AFFD00ED1639 /* Products */,
				F1104D3A24079D6B00B38D11 /* Frameworks */,
			);
			sourceTree = "<group>";
		};
		F1BF0E102404AFFD00ED1639 /* Products */ = {
			isa = PBXGroup;
			children = (
				F1BF0E0F2404AFFD00ED1639 /* WWCode_Tokyo_iOS.app */,
				F1BF0E252404AFFF00ED1639 /* WWCode_Tokyo_iOSTests.xctest */,
			);
			name = Products;
			sourceTree = "<group>";
		};
		F1BF0E112404AFFD00ED1639 /* WWCode_Tokyo_iOS */ = {
			isa = PBXGroup;
			children = (
				F1BF0E432404B36700ED1639 /* Application */,
				F1BF0E452404B36700ED1639 /* Components */,
				F1BF0E442404B36700ED1639 /* UI */,
			);
			path = WWCode_Tokyo_iOS;
			sourceTree = "<group>";
		};
		F1BF0E282404AFFF00ED1639 /* WWCode_Tokyo_iOSTests */ = {
			isa = PBXGroup;
			children = (
				F1BF0E4E2404BA5100ED1639 /* Application */,
				F1291757240F4571002B0352 /* Components */,
				F1291758240F4584002B0352 /* UI */,
			);
			path = WWCode_Tokyo_iOSTests;
			sourceTree = "<group>";
		};
		F1BF0E432404B36700ED1639 /* Application */ = {
			isa = PBXGroup;
			children = (
				F14F4DBB241A27670045426E /* en.lproj */,
				F16B44C52410C592001E37C7 /* Environment */,
				F1BF0E482404B58E00ED1639 /* AppDelegate.swift */,
				F1BF0E1B2404AFFF00ED1639 /* Assets.xcassets */,
				F1BF0E492404B58E00ED1639 /* Info.plist */,
				F1BF0E1D2404AFFF00ED1639 /* LaunchScreen.storyboard */,
				F1BF0E4F2404BE8800ED1639 /* main.swift */,
				F1BF0E4A2404B58E00ED1639 /* SceneDelegate.swift */,
			);
			path = Application;
			sourceTree = "<group>";
		};
		F1BF0E442404B36700ED1639 /* UI */ = {
			isa = PBXGroup;
			children = (
				F1291755240F403F002B0352 /* EventDetail */,
				F1291754240F402D002B0352 /* EventList */,
			);
			path = UI;
			sourceTree = "<group>";
		};
		F1BF0E452404B36700ED1639 /* Components */ = {
			isa = PBXGroup;
			children = (
				F14B0B8E240F9C3B004E277A /* Http */,
				F1291756240F406F002B0352 /* Events */,
			);
			path = Components;
			sourceTree = "<group>";
		};
		F1BF0E4E2404BA5100ED1639 /* Application */ = {
			isa = PBXGroup;
			children = (
				F1E9C5302404C5260012C1A4 /* Info.plist */,
			);
			path = Application;
			sourceTree = "<group>";
		};
/* End PBXGroup section */

/* Begin PBXNativeTarget section */
		F1BF0E0E2404AFFD00ED1639 /* WWCode_Tokyo_iOS */ = {
			isa = PBXNativeTarget;
			buildConfigurationList = F1BF0E392404AFFF00ED1639 /* Build configuration list for PBXNativeTarget "WWCode_Tokyo_iOS" */;
			buildPhases = (
				F1BF0E0B2404AFFD00ED1639 /* Sources */,
				F1BF0E0C2404AFFD00ED1639 /* Frameworks */,
				F1BF0E0D2404AFFD00ED1639 /* Resources */,
				F1104D4424079D6B00B38D11 /* Embed Frameworks */,
				F1104D4524079DA400B38D11 /* Carthage: Copy Frameworks */,
			);
			buildRules = (
			);
			dependencies = (
			);
			name = WWCode_Tokyo_iOS;
			productName = WWCode_Tokyo_iOS;
			productReference = F1BF0E0F2404AFFD00ED1639 /* WWCode_Tokyo_iOS.app */;
			productType = "com.apple.product-type.application";
		};
		F1BF0E242404AFFF00ED1639 /* WWCode_Tokyo_iOSTests */ = {
			isa = PBXNativeTarget;
			buildConfigurationList = F1BF0E3C2404AFFF00ED1639 /* Build configuration list for PBXNativeTarget "WWCode_Tokyo_iOSTests" */;
			buildPhases = (
				F1BF0E212404AFFF00ED1639 /* Sources */,
				F1BF0E222404AFFF00ED1639 /* Frameworks */,
				F1BF0E232404AFFF00ED1639 /* Resources */,
				F1104D4C2407A1D100B38D11 /* Carthage: Copy Files */,
			);
			buildRules = (
			);
			dependencies = (
				F1BF0E272404AFFF00ED1639 /* PBXTargetDependency */,
			);
			name = WWCode_Tokyo_iOSTests;
			productName = WWCode_Tokyo_iOSTests;
			productReference = F1BF0E252404AFFF00ED1639 /* WWCode_Tokyo_iOSTests.xctest */;
			productType = "com.apple.product-type.bundle.unit-test";
		};
/* End PBXNativeTarget section */

/* Begin PBXProject section */
		F1BF0E072404AFFD00ED1639 /* Project object */ = {
			isa = PBXProject;
			attributes = {
				LastSwiftUpdateCheck = 1110;
				LastUpgradeCheck = 1110;
				ORGANIZATIONNAME = WWCode;
				TargetAttributes = {
					F1BF0E0E2404AFFD00ED1639 = {
						CreatedOnToolsVersion = 11.1;
						LastSwiftMigration = 1110;
					};
					F1BF0E242404AFFF00ED1639 = {
						CreatedOnToolsVersion = 11.1;
						LastSwiftMigration = 1110;
						TestTargetID = F1BF0E0E2404AFFD00ED1639;
					};
				};
			};
			buildConfigurationList = F1BF0E0A2404AFFD00ED1639 /* Build configuration list for PBXProject "WWCode_Tokyo_iOS" */;
			compatibilityVersion = "Xcode 9.3";
			developmentRegion = en;
			hasScannedForEncodings = 0;
			knownRegions = (
				en,
				Base,
			);
			mainGroup = F1BF0E062404AFFD00ED1639;
			productRefGroup = F1BF0E102404AFFD00ED1639 /* Products */;
			projectDirPath = "";
			projectRoot = "";
			targets = (
				F1BF0E0E2404AFFD00ED1639 /* WWCode_Tokyo_iOS */,
				F1BF0E242404AFFF00ED1639 /* WWCode_Tokyo_iOSTests */,
			);
		};
/* End PBXProject section */

/* Begin PBXResourcesBuildPhase section */
		F1BF0E0D2404AFFD00ED1639 /* Resources */ = {
			isa = PBXResourcesBuildPhase;
			buildActionMask = 2147483647;
			files = (
				F1BF0E1F2404AFFF00ED1639 /* LaunchScreen.storyboard in Resources */,
				F14F4DBE241A278D0045426E /* Localizable.strings in Resources */,
				F1BF0E1C2404AFFF00ED1639 /* Assets.xcassets in Resources */,
			);
			runOnlyForDeploymentPostprocessing = 0;
		};
		F1BF0E232404AFFF00ED1639 /* Resources */ = {
			isa = PBXResourcesBuildPhase;
			buildActionMask = 2147483647;
			files = (
			);
			runOnlyForDeploymentPostprocessing = 0;
		};
/* End PBXResourcesBuildPhase section */

/* Begin PBXShellScriptBuildPhase section */
		F1104D4524079DA400B38D11 /* Carthage: Copy Frameworks */ = {
			isa = PBXShellScriptBuildPhase;
			buildActionMask = 2147483647;
			files = (
			);
			inputFileListPaths = (
			);
			inputPaths = (
				"$(SRCROOT)/Carthage/Build/iOS/Result.framework",
				"$(SRCROOT)/Carthage/Build/iOS/BrightFutures.framework",
				"$(SRCROOT)/Carthage/Build/iOS/PureLayout.framework",
			);
			name = "Carthage: Copy Frameworks";
			outputFileListPaths = (
			);
			outputPaths = (
			);
			runOnlyForDeploymentPostprocessing = 0;
			shellPath = /bin/sh;
			shellScript = "/usr/local/bin/carthage copy-frameworks\n";
		};
/* End PBXShellScriptBuildPhase section */

/* Begin PBXSourcesBuildPhase section */
		F1BF0E0B2404AFFD00ED1639 /* Sources */ = {
			isa = PBXSourcesBuildPhase;
			buildActionMask = 2147483647;
			files = (
				F1BF0E4B2404B58E00ED1639 /* AppDelegate.swift in Sources */,
				F1BF0E4D2404B58E00ED1639 /* SceneDelegate.swift in Sources */,
				F174F50A2408A4210070C353 /* EventListViewController.swift in Sources */,
				F14F4E082420C04B0045426E /* UpcomingEventsViewController.swift in Sources */,
				F1BF0E502404BE8800ED1639 /* main.swift in Sources */,
				F14F4E0A2420C09F0045426E /* PastEventsViewController.swift in Sources */,
				F14B0B92240F9DF4004E277A /* Http.swift in Sources */,
				F1291753240DE953002B0352 /* EventTableViewCell.swift in Sources */,
				F16B44C72410C5AC001E37C7 /* Configuration.swift in Sources */,
				F14B0B8C240F9B9C004E277A /* NetworkEventRepository.swift in Sources */,
				F14F4E0E2421BBA40045426E /* Router.swift in Sources */,
				F16B44C92410C5D9001E37C7 /* Environment.swift in Sources */,
				F174F50C2408A4330070C353 /* Event.swift in Sources */,
				F174F5102408A84D0070C353 /* EventViewController.swift in Sources */,
				F16B44B9241088CE001E37C7 /* NetworkHttp.swift in Sources */,
				F14F4DB82419E3FC0045426E /* EventListHeaderView.swift in Sources */,
				F1BC49D4240F4E4300D26637 /* EventRepository.swift in Sources */,
			);
			runOnlyForDeploymentPostprocessing = 0;
		};
		F1BF0E212404AFFF00ED1639 /* Sources */ = {
			isa = PBXSourcesBuildPhase;
			buildActionMask = 2147483647;
			files = (
				F14F4E042420BD810045426E /* UpcomingViewControllerTest.swift in Sources */,
				F14F4E062420BDB60045426E /* PastViewControllerTest.swift in Sources */,
				F16B44C1241090C7001E37C7 /* FakeNetworkSession.swift in Sources */,
				F16B44BF24109011001E37C7 /* SpySessionDataTask.swift in Sources */,
				F14F4DC0241A2B620045426E /* EventFixture.swift in Sources */,
				F174F50E2408A5E10070C353 /* EventListViewControllerTest.swift in Sources */,
				F16B44BD24108FE1001E37C7 /* SpyNetworkSession.swift in Sources */,
				F1BC49D2240F4C9400D26637 /* SpyStubEventRepo.swift in Sources */,
				F14B0B90240F9C4D004E277A /* SpyHttp.swift in Sources */,
				F14F4E0C2421BB6F0045426E /* SpyRouter.swift in Sources */,
				F16B44C4241097EA001E37C7 /* AsyncExpectation.swift in Sources */,
				F16B44BB24108ECD001E37C7 /* NetworkHttpSpec.swift in Sources */,
				F14B0B8A240F9761004E277A /* NetworkEventRepositoryTest.swift in Sources */,
				F174F5122408A8650070C353 /* EventViewControllerTest.swift in Sources */,
			);
			runOnlyForDeploymentPostprocessing = 0;
		};
/* End PBXSourcesBuildPhase section */

/* Begin PBXTargetDependency section */
		F1BF0E272404AFFF00ED1639 /* PBXTargetDependency */ = {
			isa = PBXTargetDependency;
			target = F1BF0E0E2404AFFD00ED1639 /* WWCode_Tokyo_iOS */;
			targetProxy = F1BF0E262404AFFF00ED1639 /* PBXContainerItemProxy */;
		};
/* End PBXTargetDependency section */

/* Begin PBXVariantGroup section */
		F14F4DBC241A278D0045426E /* Localizable.strings */ = {
			isa = PBXVariantGroup;
			children = (
				F14F4DBD241A278D0045426E /* en */,
			);
			name = Localizable.strings;
			sourceTree = "<group>";
		};
		F1BF0E1D2404AFFF00ED1639 /* LaunchScreen.storyboard */ = {
			isa = PBXVariantGroup;
			children = (
				F1BF0E1E2404AFFF00ED1639 /* Base */,
			);
			name = LaunchScreen.storyboard;
			sourceTree = "<group>";
		};
/* End PBXVariantGroup section */

/* Begin XCBuildConfiguration section */
		F1BF0E372404AFFF00ED1639 /* Debug */ = {
			isa = XCBuildConfiguration;
			buildSettings = {
				ALWAYS_SEARCH_USER_PATHS = NO;
				CLANG_ANALYZER_NONNULL = YES;
				CLANG_ANALYZER_NUMBER_OBJECT_CONVERSION = YES_AGGRESSIVE;
				CLANG_CXX_LANGUAGE_STANDARD = "gnu++14";
				CLANG_CXX_LIBRARY = "libc++";
				CLANG_ENABLE_MODULES = YES;
				CLANG_ENABLE_OBJC_ARC = YES;
				CLANG_ENABLE_OBJC_WEAK = YES;
				CLANG_WARN_BLOCK_CAPTURE_AUTORELEASING = YES;
				CLANG_WARN_BOOL_CONVERSION = YES;
				CLANG_WARN_COMMA = YES;
				CLANG_WARN_CONSTANT_CONVERSION = YES;
				CLANG_WARN_DEPRECATED_OBJC_IMPLEMENTATIONS = YES;
				CLANG_WARN_DIRECT_OBJC_ISA_USAGE = YES_ERROR;
				CLANG_WARN_DOCUMENTATION_COMMENTS = YES;
				CLANG_WARN_EMPTY_BODY = YES;
				CLANG_WARN_ENUM_CONVERSION = YES;
				CLANG_WARN_INFINITE_RECURSION = YES;
				CLANG_WARN_INT_CONVERSION = YES;
				CLANG_WARN_NON_LITERAL_NULL_CONVERSION = YES;
				CLANG_WARN_OBJC_IMPLICIT_RETAIN_SELF = YES;
				CLANG_WARN_OBJC_LITERAL_CONVERSION = YES;
				CLANG_WARN_OBJC_ROOT_CLASS = YES_ERROR;
				CLANG_WARN_RANGE_LOOP_ANALYSIS = YES;
				CLANG_WARN_STRICT_PROTOTYPES = YES;
				CLANG_WARN_SUSPICIOUS_MOVE = YES;
				CLANG_WARN_UNGUARDED_AVAILABILITY = YES_AGGRESSIVE;
				CLANG_WARN_UNREACHABLE_CODE = YES;
				CLANG_WARN__DUPLICATE_METHOD_MATCH = YES;
				COPY_PHASE_STRIP = NO;
				DEBUG_INFORMATION_FORMAT = dwarf;
				ENABLE_STRICT_OBJC_MSGSEND = YES;
				ENABLE_TESTABILITY = YES;
				GCC_C_LANGUAGE_STANDARD = gnu11;
				GCC_DYNAMIC_NO_PIC = NO;
				GCC_NO_COMMON_BLOCKS = YES;
				GCC_OPTIMIZATION_LEVEL = 0;
				GCC_PREPROCESSOR_DEFINITIONS = (
					"DEBUG=1",
					"$(inherited)",
				);
				GCC_WARN_64_TO_32_BIT_CONVERSION = YES;
				GCC_WARN_ABOUT_RETURN_TYPE = YES_ERROR;
				GCC_WARN_UNDECLARED_SELECTOR = YES;
				GCC_WARN_UNINITIALIZED_AUTOS = YES_AGGRESSIVE;
				GCC_WARN_UNUSED_FUNCTION = YES;
				GCC_WARN_UNUSED_VARIABLE = YES;
				IPHONEOS_DEPLOYMENT_TARGET = 13.1;
				MTL_ENABLE_DEBUG_INFO = INCLUDE_SOURCE;
				MTL_FAST_MATH = YES;
				ONLY_ACTIVE_ARCH = YES;
				SDKROOT = iphoneos;
				SWIFT_ACTIVE_COMPILATION_CONDITIONS = DEBUG;
				SWIFT_OPTIMIZATION_LEVEL = "-Onone";
			};
			name = Debug;
		};
		F1BF0E382404AFFF00ED1639 /* Release */ = {
			isa = XCBuildConfiguration;
			buildSettings = {
				ALWAYS_SEARCH_USER_PATHS = NO;
				CLANG_ANALYZER_NONNULL = YES;
				CLANG_ANALYZER_NUMBER_OBJECT_CONVERSION = YES_AGGRESSIVE;
				CLANG_CXX_LANGUAGE_STANDARD = "gnu++14";
				CLANG_CXX_LIBRARY = "libc++";
				CLANG_ENABLE_MODULES = YES;
				CLANG_ENABLE_OBJC_ARC = YES;
				CLANG_ENABLE_OBJC_WEAK = YES;
				CLANG_WARN_BLOCK_CAPTURE_AUTORELEASING = YES;
				CLANG_WARN_BOOL_CONVERSION = YES;
				CLANG_WARN_COMMA = YES;
				CLANG_WARN_CONSTANT_CONVERSION = YES;
				CLANG_WARN_DEPRECATED_OBJC_IMPLEMENTATIONS = YES;
				CLANG_WARN_DIRECT_OBJC_ISA_USAGE = YES_ERROR;
				CLANG_WARN_DOCUMENTATION_COMMENTS = YES;
				CLANG_WARN_EMPTY_BODY = YES;
				CLANG_WARN_ENUM_CONVERSION = YES;
				CLANG_WARN_INFINITE_RECURSION = YES;
				CLANG_WARN_INT_CONVERSION = YES;
				CLANG_WARN_NON_LITERAL_NULL_CONVERSION = YES;
				CLANG_WARN_OBJC_IMPLICIT_RETAIN_SELF = YES;
				CLANG_WARN_OBJC_LITERAL_CONVERSION = YES;
				CLANG_WARN_OBJC_ROOT_CLASS = YES_ERROR;
				CLANG_WARN_RANGE_LOOP_ANALYSIS = YES;
				CLANG_WARN_STRICT_PROTOTYPES = YES;
				CLANG_WARN_SUSPICIOUS_MOVE = YES;
				CLANG_WARN_UNGUARDED_AVAILABILITY = YES_AGGRESSIVE;
				CLANG_WARN_UNREACHABLE_CODE = YES;
				CLANG_WARN__DUPLICATE_METHOD_MATCH = YES;
				COPY_PHASE_STRIP = NO;
				DEBUG_INFORMATION_FORMAT = "dwarf-with-dsym";
				ENABLE_NS_ASSERTIONS = NO;
				ENABLE_STRICT_OBJC_MSGSEND = YES;
				GCC_C_LANGUAGE_STANDARD = gnu11;
				GCC_NO_COMMON_BLOCKS = YES;
				GCC_WARN_64_TO_32_BIT_CONVERSION = YES;
				GCC_WARN_ABOUT_RETURN_TYPE = YES_ERROR;
				GCC_WARN_UNDECLARED_SELECTOR = YES;
				GCC_WARN_UNINITIALIZED_AUTOS = YES_AGGRESSIVE;
				GCC_WARN_UNUSED_FUNCTION = YES;
				GCC_WARN_UNUSED_VARIABLE = YES;
				IPHONEOS_DEPLOYMENT_TARGET = 13.1;
				MTL_ENABLE_DEBUG_INFO = NO;
				MTL_FAST_MATH = YES;
				SDKROOT = iphoneos;
				SWIFT_COMPILATION_MODE = wholemodule;
				SWIFT_OPTIMIZATION_LEVEL = "-O";
				VALIDATE_PRODUCT = YES;
			};
			name = Release;
		};
		F1BF0E3A2404AFFF00ED1639 /* Debug */ = {
			isa = XCBuildConfiguration;
			buildSettings = {
				ASSETCATALOG_COMPILER_APPICON_NAME = AppIcon;
				CLANG_ENABLE_MODULES = YES;
				CODE_SIGN_STYLE = Automatic;
				FRAMEWORK_SEARCH_PATHS = (
					"$(inherited)",
					"$(PROJECT_DIR)/Carthage/Build/iOS",
				);
				INFOPLIST_FILE = WWCode_Tokyo_iOS/Application/Info.plist;
				LD_RUNPATH_SEARCH_PATHS = (
					"$(inherited)",
					"@executable_path/Frameworks",
				);
				PRODUCT_BUNDLE_IDENTIFIER = "com.womenwhocode.WWCode-Tokyo-iOS";
				PRODUCT_NAME = "$(TARGET_NAME)";
				SWIFT_OPTIMIZATION_LEVEL = "-Onone";
				SWIFT_VERSION = 5.0;
				TARGETED_DEVICE_FAMILY = "1,2";
			};
			name = Debug;
		};
		F1BF0E3B2404AFFF00ED1639 /* Release */ = {
			isa = XCBuildConfiguration;
			buildSettings = {
				ASSETCATALOG_COMPILER_APPICON_NAME = AppIcon;
				CLANG_ENABLE_MODULES = YES;
				CODE_SIGN_STYLE = Automatic;
				FRAMEWORK_SEARCH_PATHS = (
					"$(inherited)",
					"$(PROJECT_DIR)/Carthage/Build/iOS",
				);
				INFOPLIST_FILE = WWCode_Tokyo_iOS/Application/Info.plist;
				LD_RUNPATH_SEARCH_PATHS = (
					"$(inherited)",
					"@executable_path/Frameworks",
				);
				PRODUCT_BUNDLE_IDENTIFIER = "com.womenwhocode.WWCode-Tokyo-iOS";
				PRODUCT_NAME = "$(TARGET_NAME)";
				SWIFT_VERSION = 5.0;
				TARGETED_DEVICE_FAMILY = "1,2";
			};
			name = Release;
		};
		F1BF0E3D2404AFFF00ED1639 /* Debug */ = {
			isa = XCBuildConfiguration;
			buildSettings = {
				ALWAYS_EMBED_SWIFT_STANDARD_LIBRARIES = YES;
				BUNDLE_LOADER = "$(TEST_HOST)";
				CLANG_ENABLE_MODULES = YES;
				CODE_SIGN_STYLE = Automatic;
				FRAMEWORK_SEARCH_PATHS = (
					"$(inherited)",
					"$(PROJECT_DIR)/Carthage/Build/iOS",
				);
				INFOPLIST_FILE = WWCode_Tokyo_iOSTests/Application/Info.plist;
				IPHONEOS_DEPLOYMENT_TARGET = 13.1;
				LD_RUNPATH_SEARCH_PATHS = (
					"$(inherited)",
					"@executable_path/Frameworks",
					"@loader_path/Frameworks",
				);
				PRODUCT_BUNDLE_IDENTIFIER = "com.womenwhocode.WWCode-Tokyo-iOSTests";
				PRODUCT_NAME = "$(TARGET_NAME)";
				SWIFT_OPTIMIZATION_LEVEL = "-Onone";
				SWIFT_VERSION = 5.0;
				TARGETED_DEVICE_FAMILY = "1,2";
				TEST_HOST = "$(BUILT_PRODUCTS_DIR)/WWCode_Tokyo_iOS.app/WWCode_Tokyo_iOS";
			};
			name = Debug;
		};
		F1BF0E3E2404AFFF00ED1639 /* Release */ = {
			isa = XCBuildConfiguration;
			buildSettings = {
				ALWAYS_EMBED_SWIFT_STANDARD_LIBRARIES = YES;
				BUNDLE_LOADER = "$(TEST_HOST)";
				CLANG_ENABLE_MODULES = YES;
				CODE_SIGN_STYLE = Automatic;
				FRAMEWORK_SEARCH_PATHS = (
					"$(inherited)",
					"$(PROJECT_DIR)/Carthage/Build/iOS",
				);
				INFOPLIST_FILE = WWCode_Tokyo_iOSTests/Application/Info.plist;
				IPHONEOS_DEPLOYMENT_TARGET = 13.1;
				LD_RUNPATH_SEARCH_PATHS = (
					"$(inherited)",
					"@executable_path/Frameworks",
					"@loader_path/Frameworks",
				);
				PRODUCT_BUNDLE_IDENTIFIER = "com.womenwhocode.WWCode-Tokyo-iOSTests";
				PRODUCT_NAME = "$(TARGET_NAME)";
				SWIFT_VERSION = 5.0;
				TARGETED_DEVICE_FAMILY = "1,2";
				TEST_HOST = "$(BUILT_PRODUCTS_DIR)/WWCode_Tokyo_iOS.app/WWCode_Tokyo_iOS";
			};
			name = Release;
		};
/* End XCBuildConfiguration section */

/* Begin XCConfigurationList section */
		F1BF0E0A2404AFFD00ED1639 /* Build configuration list for PBXProject "WWCode_Tokyo_iOS" */ = {
			isa = XCConfigurationList;
			buildConfigurations = (
				F1BF0E372404AFFF00ED1639 /* Debug */,
				F1BF0E382404AFFF00ED1639 /* Release */,
			);
			defaultConfigurationIsVisible = 0;
			defaultConfigurationName = Release;
		};
		F1BF0E392404AFFF00ED1639 /* Build configuration list for PBXNativeTarget "WWCode_Tokyo_iOS" */ = {
			isa = XCConfigurationList;
			buildConfigurations = (
				F1BF0E3A2404AFFF00ED1639 /* Debug */,
				F1BF0E3B2404AFFF00ED1639 /* Release */,
			);
			defaultConfigurationIsVisible = 0;
			defaultConfigurationName = Release;
		};
		F1BF0E3C2404AFFF00ED1639 /* Build configuration list for PBXNativeTarget "WWCode_Tokyo_iOSTests" */ = {
			isa = XCConfigurationList;
			buildConfigurations = (
				F1BF0E3D2404AFFF00ED1639 /* Debug */,
				F1BF0E3E2404AFFF00ED1639 /* Release */,
			);
			defaultConfigurationIsVisible = 0;
			defaultConfigurationName = Release;
		};
/* End XCConfigurationList section */
	};
	rootObject = F1BF0E072404AFFD00ED1639 /* Project object */;
}
